
Microsoft Visual Studio Solution File, Format Version 12.00
# Visual Studio 15
VisualStudioVersion = 15.0.28307.757
MinimumVisualStudioVersion = 10.0.40219.1
Project("{FAE04EC0-301F-11D3-BF4B-00C04F79EFBC}") = "Protokoly_tITan_PJMM", "Protokoly_tITan_PJMM\Protokoly_tITan_PJMM.csproj", "{9E8B6CCA-4876-455D-81D0-3215794441A7}"
EndProject
Global
	GlobalSection(SolutionConfigurationPlatforms) = preSolution
		Debug|Any CPU = Debug|Any CPU
		Release|Any CPU = Release|Any CPU
	EndGlobalSection
	GlobalSection(ProjectConfigurationPlatforms) = postSolution
		{9E8B6CCA-4876-455D-81D0-3215794441A7}.Debug|Any CPU.ActiveCfg = Debug|Any CPU
		{9E8B6CCA-4876-455D-81D0-3215794441A7}.Debug|Any CPU.Build.0 = Debug|Any CPU
		{9E8B6CCA-4876-455D-81D0-3215794441A7}.Release|Any CPU.ActiveCfg = Release|Any CPU
		{9E8B6CCA-4876-455D-81D0-3215794441A7}.Release|Any CPU.Build.0 = Release|Any CPU
	EndGlobalSection
	GlobalSection(SolutionProperties) = preSolution
		HideSolutionNode = FALSE
	EndGlobalSection
	GlobalSection(ExtensibilityGlobals) = postSolution
		SolutionGuid = {06A9891D-C3D6-4B90-B580-F2202C32A3F0}
	EndGlobalSection
EndGlobal
